{
  "name": "XFA",
  "lockfileVersion": 2,
  "requires": true,
  "packages": {
    "": {
      "dependencies": {
        "elkjs": "^0.7.1"
      }
    },
    "node_modules/elkjs": {
      "version": "0.7.1",
      "resolved": "https://registry.npmjs.org/elkjs/-/elkjs-0.7.1.tgz",
      "integrity": "sha512-lD86RWdh480/UuRoHhRcnv2IMkIcK6yMDEuT8TPBIbO3db4HfnVF+1lgYdQi99Ck0yb+lg5Eb46JCHI5uOsmAw=="
    }
  },
  "dependencies": {
    "elkjs": {
      "version": "0.7.1",
      "resolved": "https://registry.npmjs.org/elkjs/-/elkjs-0.7.1.tgz",
      "integrity": "sha512-lD86RWdh480/UuRoHhRcnv2IMkIcK6yMDEuT8TPBIbO3db4HfnVF+1lgYdQi99Ck0yb+lg5Eb46JCHI5uOsmAw=="
    }
  }
}
